
Microsoft Visual Studio Solution File, Format Version 12.00
# Visual Studio Version 16
VisualStudioVersion = 16.0.30907.101
MinimumVisualStudioVersion = 10.0.40219.1
Project("{FAE04EC0-301F-11D3-BF4B-00C04F79EFBC}") = "SupermarketManagementSystem", "SupermarketManagementSystem\SupermarketManagementSystem.csproj", "{4940AE75-3549-4498-B845-ACC16D812ACB}"
EndProject
Global
	GlobalSection(SolutionConfigurationPlatforms) = preSolution
		Debug|Any CPU = Debug|Any CPU
		Release|Any CPU = Release|Any CPU
	EndGlobalSection
	GlobalSection(ProjectConfigurationPlatforms) = postSolution
		{4940AE75-3549-4498-B845-ACC16D812ACB}.Debug|Any CPU.ActiveCfg = Debug|Any CPU
		{4940AE75-3549-4498-B845-ACC16D812ACB}.Debug|Any CPU.Build.0 = Debug|Any CPU
		{4940AE75-3549-4498-B845-ACC16D812ACB}.Release|Any CPU.ActiveCfg = Release|Any CPU
		{4940AE75-3549-4498-B845-ACC16D812ACB}.Release|Any CPU.Build.0 = Release|Any CPU
	EndGlobalSection
	GlobalSection(SolutionProperties) = preSolution
		HideSolutionNode = FALSE
	EndGlobalSection
	GlobalSection(ExtensibilityGlobals) = postSolution
		SolutionGuid = {7B6F21ED-53A7-4230-A228-CCBEAC97B007}
	EndGlobalSection
EndGlobal
